
Microsoft Visual Studio Solution File, Format Version 12.00
# Visual Studio 2013
VisualStudioVersion = 12.0.40629.0
MinimumVisualStudioVersion = 10.0.40219.1
Project("{FAE04EC0-301F-11D3-BF4B-00C04F79EFBC}") = "EasyExceptionHandling", "EasyExceptionHandling\EasyExceptionHandling.csproj", "{9A9F17DC-00E3-4086-84A7-5689BD97F0B6}"
EndProject
Project("{FAE04EC0-301F-11D3-BF4B-00C04F79EFBC}") = "FortuneCookieLibrary", "FortuneCookieLibrary\FortuneCookieLibrary.csproj", "{949104C0-3220-4A01-9DC4-E4FEF11E63B1}"
EndProject
Global
	GlobalSection(SolutionConfigurationPlatforms) = preSolution
		Debug|Any CPU = Debug|Any CPU
		Release|Any CPU = Release|Any CPU
	EndGlobalSection
	GlobalSection(ProjectConfigurationPlatforms) = postSolution
		{9A9F17DC-00E3-4086-84A7-5689BD97F0B6}.Debug|Any CPU.ActiveCfg = Debug|Any CPU
		{9A9F17DC-00E3-4086-84A7-5689BD97F0B6}.Debug|Any CPU.Build.0 = Debug|Any CPU
		{9A9F17DC-00E3-4086-84A7-5689BD97F0B6}.Release|Any CPU.ActiveCfg = Release|Any CPU
		{9A9F17DC-00E3-4086-84A7-5689BD97F0B6}.Release|Any CPU.Build.0 = Release|Any CPU
		{949104C0-3220-4A01-9DC4-E4FEF11E63B1}.Debug|Any CPU.ActiveCfg = Debug|Any CPU
		{949104C0-3220-4A01-9DC4-E4FEF11E63B1}.Debug|Any CPU.Build.0 = Debug|Any CPU
		{949104C0-3220-4A01-9DC4-E4FEF11E63B1}.Release|Any CPU.ActiveCfg = Release|Any CPU
		{949104C0-3220-4A01-9DC4-E4FEF11E63B1}.Release|Any CPU.Build.0 = Release|Any CPU
	EndGlobalSection
	GlobalSection(SolutionProperties) = preSolution
		HideSolutionNode = FALSE
	EndGlobalSection
EndGlobal
